// !$*UTF8*$!
{
	archiveVersion = 1;
	classes = {
	};
	objectVersion = 56;
	objects = {

/* Begin PBXBuildFile section */
		0850992357F348F0AA6C7F800BA4BF06 /* App.swift in Sources */ = {isa = PBXBuildFile; fileRef = 38B5742391574AC687E434ABBF2DD445 /* App.swift */; };
		6E9415762AB1EE140026A9B3 /* Library-view.swift in Sources */ = {isa = PBXBuildFile; fileRef = 6E9415742AB1EE140026A9B3 /* Library-view.swift */; };
		6E9415772AB1EE140026A9B3 /* Library.swift in Sources */ = {isa = PBXBuildFile; fileRef = 6E9415752AB1EE140026A9B3 /* Library.swift */; };
		6E94157F2AB1EE370026A9B3 /* Current-view.swift in Sources */ = {isa = PBXBuildFile; fileRef = 6E94157D2AB1EE370026A9B3 /* Current-view.swift */; };
		6E9415802AB1EE370026A9B3 /* Current.swift in Sources */ = {isa = PBXBuildFile; fileRef = 6E94157E2AB1EE370026A9B3 /* Current.swift */; };
		6E9415832AB1EE620026A9B3 /* Previews.swift in Sources */ = {isa = PBXBuildFile; fileRef = 6E9415822AB1EE620026A9B3 /* Previews.swift */; };
		6E9415872AB1EE7B0026A9B3 /* Author.swift in Sources */ = {isa = PBXBuildFile; fileRef = 6E9415852AB1EE7B0026A9B3 /* Author.swift */; };
		6E9415882AB1EE7B0026A9B3 /* Book.swift in Sources */ = {isa = PBXBuildFile; fileRef = 6E9415862AB1EE7B0026A9B3 /* Book.swift */; };
		6E94158F2AB1EF0D0026A9B3 /* Cover-view.swift in Sources */ = {isa = PBXBuildFile; fileRef = 6E94157B2AB1EE310026A9B3 /* Cover-view.swift */; };
		6E9415902AB1EF0D0026A9B3 /* ProgressControl.swift in Sources */ = {isa = PBXBuildFile; fileRef = 6E94157C2AB1EE310026A9B3 /* ProgressControl.swift */; };
		6E9415912AB1EF0D0026A9B3 /* Detail-view.swift in Sources */ = {isa = PBXBuildFile; fileRef = 6E94157A2AB1EE310026A9B3 /* Detail-view.swift */; };
		6E9415922AB1EF190026A9B3 /* Shelf-tests.swift in Sources */ = {isa = PBXBuildFile; fileRef = 6EE394A12A2058E900CAAEAC /* Shelf-tests.swift */; };
		6E9415932AB1EF190026A9B3 /* Library-tests.swift in Sources */ = {isa = PBXBuildFile; fileRef = 6E94158B2AB1EE850026A9B3 /* Library-tests.swift */; };
		6E9415942AB1EF190026A9B3 /* Model-tests.swift in Sources */ = {isa = PBXBuildFile; fileRef = 6E9415892AB1EE810026A9B3 /* Model-tests.swift */; };
		6E9415952AB1EF190026A9B3 /* Current-tests.swift in Sources */ = {isa = PBXBuildFile; fileRef = 6E94158D2AB1EE890026A9B3 /* Current-tests.swift */; };
		6E9415982AB1EF7E0026A9B3 /* ComposableArchitecture in Frameworks */ = {isa = PBXBuildFile; productRef = 6E9415972AB1EF7E0026A9B3 /* ComposableArchitecture */; };
		6E94159D2AB1EFC70026A9B3 /* Book-title.swift in Sources */ = {isa = PBXBuildFile; fileRef = 6E94159A2AB1EFC70026A9B3 /* Book-title.swift */; };
		6E94159E2AB1EFC70026A9B3 /* Book-cover.swift in Sources */ = {isa = PBXBuildFile; fileRef = 6E94159B2AB1EFC70026A9B3 /* Book-cover.swift */; };
		6E94159F2AB1EFC70026A9B3 /* Book-author.swift in Sources */ = {isa = PBXBuildFile; fileRef = 6E94159C2AB1EFC70026A9B3 /* Book-author.swift */; };
		6EE3949A2A2056FB00CAAEAC /* Assets.xcassets in Resources */ = {isa = PBXBuildFile; fileRef = 6EE394962A2056FB00CAAEAC /* Assets.xcassets */; };
		6EE394AD2A205A8200CAAEAC /* Colors.xcassets in Resources */ = {isa = PBXBuildFile; fileRef = 6EE394AC2A205A8200CAAEAC /* Colors.xcassets */; };
		6EE394E52A205F1500CAAEAC /* Shelf-uitests.swift in Sources */ = {isa = PBXBuildFile; fileRef = 6EE394A32A2058EE00CAAEAC /* Shelf-uitests.swift */; };
		6EE394E82A205FC700CAAEAC /* config.swift in Sources */ = {isa = PBXBuildFile; fileRef = 6EE394E72A205FC700CAAEAC /* config.swift */; };
		6EE394EA2A20606B00CAAEAC /* LaunchScreen.storyboard in Resources */ = {isa = PBXBuildFile; fileRef = 6EE394E92A20606B00CAAEAC /* LaunchScreen.storyboard */; };
		6EE394F02A20634600CAAEAC /* Colors.swift in Sources */ = {isa = PBXBuildFile; fileRef = 6EE394EF2A20634600CAAEAC /* Colors.swift */; };
		A01CA566C49B493B8A09BB3EE2869146 /* App-reducer.swift in Sources */ = {isa = PBXBuildFile; fileRef = 8831FD4641EC4A6893D41F50643F291D /* App-reducer.swift */; };
		A7B6762CF46E428BA1A66492427B9467 /* App-view.swift in Sources */ = {isa = PBXBuildFile; fileRef = A1E8F1CE200742898B0A85E462C13CC8 /* App-view.swift */; };
/* End PBXBuildFile section */

/* Begin PBXContainerItemProxy section */
		6E33F9982A26DD99002519C0 /* PBXContainerItemProxy */ = {
			isa = PBXContainerItemProxy;
			containerPortal = 6E33F9732A26D886002519C0 /* Project object */;
			proxyType = 1;
			remoteGlobalIDString = 6E33F97A2A26D886002519C0;
			remoteInfo = Shelf;
		};
		6E33F9A72A26DDA0002519C0 /* PBXContainerItemProxy */ = {
			isa = PBXContainerItemProxy;
			containerPortal = 6E33F9732A26D886002519C0 /* Project object */;
			proxyType = 1;
			remoteGlobalIDString = 6E33F97A2A26D886002519C0;
			remoteInfo = Shelf;
		};
/* End PBXContainerItemProxy section */

/* Begin PBXFileReference section */
		38B5742391574AC687E434ABBF2DD445 /* App.swift */ = {isa = PBXFileReference; lastKnownFileType = sourcecode.swift; path = App.swift; sourceTree = "<group>"; };
		6E33F97B2A26D886002519C0 /* Shelf.app */ = {isa = PBXFileReference; explicitFileType = wrapper.application; includeInIndex = 0; path = Shelf.app; sourceTree = BUILT_PRODUCTS_DIR; };
		6E33F9942A26DD99002519C0 /* ShelfTests.xctest */ = {isa = PBXFileReference; explicitFileType = wrapper.cfbundle; includeInIndex = 0; path = ShelfTests.xctest; sourceTree = BUILT_PRODUCTS_DIR; };
		6E33F9A12A26DDA0002519C0 /* ShelfUITests.xctest */ = {isa = PBXFileReference; explicitFileType = wrapper.cfbundle; includeInIndex = 0; path = ShelfUITests.xctest; sourceTree = BUILT_PRODUCTS_DIR; };
		6E9415742AB1EE140026A9B3 /* Library-view.swift */ = {isa = PBXFileReference; fileEncoding = 4; lastKnownFileType = sourcecode.swift; path = "Library-view.swift"; sourceTree = "<group>"; };
		6E9415752AB1EE140026A9B3 /* Library.swift */ = {isa = PBXFileReference; fileEncoding = 4; lastKnownFileType = sourcecode.swift; path = Library.swift; sourceTree = "<group>"; };
		6E94157A2AB1EE310026A9B3 /* Detail-view.swift */ = {isa = PBXFileReference; lastKnownFileType = sourcecode.swift; path = "Detail-view.swift"; sourceTree = "<group>"; };
		6E94157B2AB1EE310026A9B3 /* Cover-view.swift */ = {isa = PBXFileReference; lastKnownFileType = sourcecode.swift; path = "Cover-view.swift"; sourceTree = "<group>"; };
		6E94157C2AB1EE310026A9B3 /* ProgressControl.swift */ = {isa = PBXFileReference; lastKnownFileType = sourcecode.swift; path = ProgressControl.swift; sourceTree = "<group>"; };
		6E94157D2AB1EE370026A9B3 /* Current-view.swift */ = {isa = PBXFileReference; fileEncoding = 4; lastKnownFileType = sourcecode.swift; path = "Current-view.swift"; sourceTree = "<group>"; };
		6E94157E2AB1EE370026A9B3 /* Current.swift */ = {isa = PBXFileReference; fileEncoding = 4; lastKnownFileType = sourcecode.swift; path = Current.swift; sourceTree = "<group>"; };
		6E9415812AB1EE4C0026A9B3 /* Localizable.xcstrings */ = {isa = PBXFileReference; lastKnownFileType = text.json.xcstrings; path = Localizable.xcstrings; sourceTree = "<group>"; };
		6E9415822AB1EE620026A9B3 /* Previews.swift */ = {isa = PBXFileReference; lastKnownFileType = sourcecode.swift; path = Previews.swift; sourceTree = "<group>"; };
		6E9415852AB1EE7B0026A9B3 /* Author.swift */ = {isa = PBXFileReference; fileEncoding = 4; lastKnownFileType = sourcecode.swift; path = Author.swift; sourceTree = "<group>"; };
		6E9415862AB1EE7B0026A9B3 /* Book.swift */ = {isa = PBXFileReference; fileEncoding = 4; lastKnownFileType = sourcecode.swift; path = Book.swift; sourceTree = "<group>"; };
		6E9415892AB1EE810026A9B3 /* Model-tests.swift */ = {isa = PBXFileReference; lastKnownFileType = sourcecode.swift; path = "Model-tests.swift"; sourceTree = "<group>"; };
		6E94158B2AB1EE850026A9B3 /* Library-tests.swift */ = {isa = PBXFileReference; lastKnownFileType = sourcecode.swift; path = "Library-tests.swift"; sourceTree = "<group>"; };
		6E94158D2AB1EE890026A9B3 /* Current-tests.swift */ = {isa = PBXFileReference; lastKnownFileType = sourcecode.swift; path = "Current-tests.swift"; sourceTree = "<group>"; };
		6E94159A2AB1EFC70026A9B3 /* Book-title.swift */ = {isa = PBXFileReference; fileEncoding = 4; lastKnownFileType = sourcecode.swift; path = "Book-title.swift"; sourceTree = "<group>"; };
		6E94159B2AB1EFC70026A9B3 /* Book-cover.swift */ = {isa = PBXFileReference; fileEncoding = 4; lastKnownFileType = sourcecode.swift; path = "Book-cover.swift"; sourceTree = "<group>"; };
		6E94159C2AB1EFC70026A9B3 /* Book-author.swift */ = {isa = PBXFileReference; fileEncoding = 4; lastKnownFileType = sourcecode.swift; path = "Book-author.swift"; sourceTree = "<group>"; };
		6EE394962A2056FB00CAAEAC /* Assets.xcassets */ = {isa = PBXFileReference; lastKnownFileType = folder.assetcatalog; path = Assets.xcassets; sourceTree = "<group>"; };
		6EE3949C2A20577800CAAEAC /* Unit.xctestplan */ = {isa = PBXFileReference; lastKnownFileType = text; path = Unit.xctestplan; sourceTree = "<group>"; };
		6EE3949D2A20578100CAAEAC /* Full.xctestplan */ = {isa = PBXFileReference; lastKnownFileType = text; path = Full.xctestplan; sourceTree = "<group>"; };
		6EE394A12A2058E900CAAEAC /* Shelf-tests.swift */ = {isa = PBXFileReference; fileEncoding = 4; lastKnownFileType = sourcecode.swift; path = "Shelf-tests.swift"; sourceTree = "<group>"; };
		6EE394A32A2058EE00CAAEAC /* Shelf-uitests.swift */ = {isa = PBXFileReference; fileEncoding = 4; lastKnownFileType = sourcecode.swift; path = "Shelf-uitests.swift"; sourceTree = "<group>"; };
		6EE394AC2A205A8200CAAEAC /* Colors.xcassets */ = {isa = PBXFileReference; lastKnownFileType = folder.assetcatalog; path = Colors.xcassets; sourceTree = "<group>"; };
		6EE394C62A205E6F00CAAEAC /* Shelf.entitlements */ = {isa = PBXFileReference; fileEncoding = 4; lastKnownFileType = text.plist.entitlements; path = Shelf.entitlements; sourceTree = "<group>"; };
		6EE394E72A205FC700CAAEAC /* config.swift */ = {isa = PBXFileReference; fileEncoding = 4; lastKnownFileType = sourcecode.swift; path = config.swift; sourceTree = "<group>"; };
		6EE394E92A20606B00CAAEAC /* LaunchScreen.storyboard */ = {isa = PBXFileReference; fileEncoding = 4; lastKnownFileType = file.storyboard; path = LaunchScreen.storyboard; sourceTree = "<group>"; };
		6EE394ED2A2061ED00CAAEAC /* Shelf-info.plist */ = {isa = PBXFileReference; fileEncoding = 4; lastKnownFileType = text.plist.xml; path = "Shelf-info.plist"; sourceTree = "<group>"; };
		6EE394EF2A20634600CAAEAC /* Colors.swift */ = {isa = PBXFileReference; lastKnownFileType = sourcecode.swift; path = Colors.swift; sourceTree = "<group>"; };
		871163CD3A3C40E4A67E98963A73631D /* .gitignore */ = {isa = PBXFileReference; lastKnownFileType = text; path = .gitignore; sourceTree = SOURCE_ROOT; };
		8831FD4641EC4A6893D41F50643F291D /* App-reducer.swift */ = {isa = PBXFileReference; lastKnownFileType = sourcecode.swift; path = "App-reducer.swift"; sourceTree = "<group>"; };
		8D97B8BA9388401A9D26920F1CA63DD6 /* .swiftlint.yml */ = {isa = PBXFileReference; lastKnownFileType = text.yaml; path = .swiftlint.yml; sourceTree = SOURCE_ROOT; };
		A1E8F1CE200742898B0A85E462C13CC8 /* App-view.swift */ = {isa = PBXFileReference; lastKnownFileType = sourcecode.swift; path = "App-view.swift"; sourceTree = "<group>"; };
/* End PBXFileReference section */

/* Begin PBXFrameworksBuildPhase section */
		6E33F9782A26D886002519C0 /* Frameworks */ = {
			isa = PBXFrameworksBuildPhase;
			buildActionMask = 2147483647;
			files = (
				6E9415982AB1EF7E0026A9B3 /* ComposableArchitecture in Frameworks */,
			);
			runOnlyForDeploymentPostprocessing = 0;
		};
		6E33F9912A26DD99002519C0 /* Frameworks */ = {
			isa = PBXFrameworksBuildPhase;
			buildActionMask = 2147483647;
			files = (
			);
			runOnlyForDeploymentPostprocessing = 0;
		};
		6E33F99E2A26DDA0002519C0 /* Frameworks */ = {
			isa = PBXFrameworksBuildPhase;
			buildActionMask = 2147483647;
			files = (
			);
			runOnlyForDeploymentPostprocessing = 0;
		};
/* End PBXFrameworksBuildPhase section */

/* Begin PBXGroup section */
		6E33F9722A26D886002519C0 = {
			isa = PBXGroup;
			children = (
				6EE3948F2A2056FB00CAAEAC /* src */,
				6EE394972A2056FB00CAAEAC /* test */,
				6EE394922A2056FB00CAAEAC /* res */,
				6EE3949B2A20575600CAAEAC /* config */,
			);
			sourceTree = "<group>";
		};
		6E33F97C2A26D886002519C0 /* Products */ = {
			isa = PBXGroup;
			children = (
				6E33F97B2A26D886002519C0 /* Shelf.app */,
				6E33F9942A26DD99002519C0 /* ShelfTests.xctest */,
				6E33F9A12A26DDA0002519C0 /* ShelfUITests.xctest */,
			);
			name = Products;
			sourceTree = "<group>";
		};
		6E9415732AB1EE030026A9B3 /* library */ = {
			isa = PBXGroup;
			children = (
				6E9415742AB1EE140026A9B3 /* Library-view.swift */,
				6E9415752AB1EE140026A9B3 /* Library.swift */,
			);
			path = library;
			sourceTree = "<group>";
		};
		6E9415782AB1EE280026A9B3 /* current */ = {
			isa = PBXGroup;
			children = (
				6E94157D2AB1EE370026A9B3 /* Current-view.swift */,
				6E94157E2AB1EE370026A9B3 /* Current.swift */,
			);
			path = current;
			sourceTree = "<group>";
		};
		6E9415792AB1EE310026A9B3 /* comps */ = {
			isa = PBXGroup;
			children = (
				6E94157A2AB1EE310026A9B3 /* Detail-view.swift */,
				6E94157B2AB1EE310026A9B3 /* Cover-view.swift */,
				6E94157C2AB1EE310026A9B3 /* ProgressControl.swift */,
			);
			path = comps;
			sourceTree = "<group>";
		};
		6E9415842AB1EE730026A9B3 /* model */ = {
			isa = PBXGroup;
			children = (
				6E9415852AB1EE7B0026A9B3 /* Author.swift */,
				6E9415862AB1EE7B0026A9B3 /* Book.swift */,
			);
			path = model;
			sourceTree = "<group>";
		};
		6E9415992AB1EFC70026A9B3 /* presentation */ = {
			isa = PBXGroup;
			children = (
				6E94159A2AB1EFC70026A9B3 /* Book-title.swift */,
				6E94159B2AB1EFC70026A9B3 /* Book-cover.swift */,
				6E94159C2AB1EFC70026A9B3 /* Book-author.swift */,
			);
			path = presentation;
			sourceTree = "<group>";
		};
		6EE3948F2A2056FB00CAAEAC /* src */ = {
			isa = PBXGroup;
			children = (
				38B5742391574AC687E434ABBF2DD445 /* App.swift */,
				A1E8F1CE200742898B0A85E462C13CC8 /* App-view.swift */,
				8831FD4641EC4A6893D41F50643F291D /* App-reducer.swift */,
				6E9415782AB1EE280026A9B3 /* current */,
				6E9415732AB1EE030026A9B3 /* library */,
				6E9415992AB1EFC70026A9B3 /* presentation */,
				6E9415842AB1EE730026A9B3 /* model */,
				6E9415792AB1EE310026A9B3 /* comps */,
			);
			path = src;
			sourceTree = "<group>";
		};
		6EE394922A2056FB00CAAEAC /* res */ = {
			isa = PBXGroup;
			children = (
				6EE394952A2056FB00CAAEAC /* assets */,
				6EE394932A2056FB00CAAEAC /* locale */,
				6EE394942A2056FB00CAAEAC /* previews */,
			);
			path = res;
			sourceTree = "<group>";
		};
		6EE394932A2056FB00CAAEAC /* locale */ = {
			isa = PBXGroup;
			children = (
				6E9415812AB1EE4C0026A9B3 /* Localizable.xcstrings */,
			);
			path = locale;
			sourceTree = "<group>";
		};
		6EE394942A2056FB00CAAEAC /* previews */ = {
			isa = PBXGroup;
			children = (
				6E9415822AB1EE620026A9B3 /* Previews.swift */,
			);
			path = previews;
			sourceTree = "<group>";
		};
		6EE394952A2056FB00CAAEAC /* assets */ = {
			isa = PBXGroup;
			children = (
				6EE394E92A20606B00CAAEAC /* LaunchScreen.storyboard */,
				6EE394962A2056FB00CAAEAC /* Assets.xcassets */,
				6EE394AC2A205A8200CAAEAC /* Colors.xcassets */,
				6EE394EF2A20634600CAAEAC /* Colors.swift */,
			);
			path = assets;
			sourceTree = "<group>";
		};
		6EE394972A2056FB00CAAEAC /* test */ = {
			isa = PBXGroup;
			children = (
				6EE3949C2A20577800CAAEAC /* Unit.xctestplan */,
				6EE3949D2A20578100CAAEAC /* Full.xctestplan */,
				6EE3949E2A20578600CAAEAC /* unit */,
				6EE3949F2A20578900CAAEAC /* ui */,
			);
			path = test;
			sourceTree = "<group>";
		};
		6EE3949B2A20575600CAAEAC /* config */ = {
			isa = PBXGroup;
			children = (
				6EE394E72A205FC700CAAEAC /* config.swift */,
				6EE394C62A205E6F00CAAEAC /* Shelf.entitlements */,
				6EE394ED2A2061ED00CAAEAC /* Shelf-info.plist */,
				871163CD3A3C40E4A67E98963A73631D /* .gitignore */,
				8D97B8BA9388401A9D26920F1CA63DD6 /* .swiftlint.yml */,
			);
			path = config;
			sourceTree = "<group>";
		};
		6EE3949E2A20578600CAAEAC /* unit */ = {
			isa = PBXGroup;
			children = (
				6EE394A12A2058E900CAAEAC /* Shelf-tests.swift */,
				6E9415892AB1EE810026A9B3 /* Model-tests.swift */,
				6E94158D2AB1EE890026A9B3 /* Current-tests.swift */,
				6E94158B2AB1EE850026A9B3 /* Library-tests.swift */,
			);
			path = unit;
			sourceTree = "<group>";
		};
		6EE3949F2A20578900CAAEAC /* ui */ = {
			isa = PBXGroup;
			children = (
				6EE394A32A2058EE00CAAEAC /* Shelf-uitests.swift */,
			);
			path = ui;
			sourceTree = "<group>";
		};
/* End PBXGroup section */

/* Begin PBXNativeTarget section */
		6E33F97A2A26D886002519C0 /* Shelf */ = {
			isa = PBXNativeTarget;
			buildConfigurationList = 6E33F9892A26D887002519C0 /* Build configuration list for PBXNativeTarget "Shelf" */;
			buildPhases = (
				EDC5EAA8834D4E5C8C37BBBA7E6D1F56 /* ShellScript */,
				6E33F9772A26D886002519C0 /* Sources */,
				6E33F9782A26D886002519C0 /* Frameworks */,
				6E33F9792A26D886002519C0 /* Resources */,
			);
			buildRules = (
			);
			dependencies = (
			);
			name = Shelf;
			packageProductDependencies = (
				6E9415972AB1EF7E0026A9B3 /* ComposableArchitecture */,
			);
			productName = Shelf;
			productReference = 6E33F97B2A26D886002519C0 /* Shelf.app */;
			productType = "com.apple.product-type.application";
		};
		6E33F9932A26DD99002519C0 /* ShelfTests */ = {
			isa = PBXNativeTarget;
			buildConfigurationList = 6E33F99A2A26DD99002519C0 /* Build configuration list for PBXNativeTarget "ShelfTests" */;
			buildPhases = (
				6E33F9902A26DD99002519C0 /* Sources */,
				6E33F9912A26DD99002519C0 /* Frameworks */,
				6E33F9922A26DD99002519C0 /* Resources */,
			);
			buildRules = (
			);
			dependencies = (
				6E33F9992A26DD99002519C0 /* PBXTargetDependency */,
			);
			name = ShelfTests;
			productName = ShelfTests;
			productReference = 6E33F9942A26DD99002519C0 /* ShelfTests.xctest */;
			productType = "com.apple.product-type.bundle.unit-test";
		};
		6E33F9A02A26DDA0002519C0 /* ShelfUITests */ = {
			isa = PBXNativeTarget;
			buildConfigurationList = 6E33F9A92A26DDA0002519C0 /* Build configuration list for PBXNativeTarget "ShelfUITests" */;
			buildPhases = (
				6E33F99D2A26DDA0002519C0 /* Sources */,
				6E33F99E2A26DDA0002519C0 /* Frameworks */,
				6E33F99F2A26DDA0002519C0 /* Resources */,
			);
			buildRules = (
			);
			dependencies = (
				6E33F9A82A26DDA0002519C0 /* PBXTargetDependency */,
			);
			name = ShelfUITests;
			productName = ShelfUITests;
			productReference = 6E33F9A12A26DDA0002519C0 /* ShelfUITests.xctest */;
			productType = "com.apple.product-type.bundle.ui-testing";
		};
/* End PBXNativeTarget section */

/* Begin PBXProject section */
		6E33F9732A26D886002519C0 /* Project object */ = {
			isa = PBXProject;
			attributes = {
				BuildIndependentTargetsInParallel = 1;
				LastSwiftUpdateCheck = 1430;
				LastUpgradeCheck = 1500;
				TargetAttributes = {
					6E33F97A2A26D886002519C0 = {
						CreatedOnToolsVersion = 14.3;
					};
					6E33F9932A26DD99002519C0 = {
						CreatedOnToolsVersion = 14.3;
						TestTargetID = 6E33F97A2A26D886002519C0;
					};
					6E33F9A02A26DDA0002519C0 = {
						CreatedOnToolsVersion = 14.3;
						TestTargetID = 6E33F97A2A26D886002519C0;
					};
				};
			};
			buildConfigurationList = 6E33F9762A26D886002519C0 /* Build configuration list for PBXProject "app" */;
			compatibilityVersion = "Xcode 14.0";
			developmentRegion = en;
			hasScannedForEncodings = 0;
			knownRegions = (
				en,
				Base,
			);
			mainGroup = 6E33F9722A26D886002519C0;
			packageReferences = (
				6E9415962AB1EF7E0026A9B3 /* XCRemoteSwiftPackageReference "swift-composable-architecture" */,
			);
			productRefGroup = 6E33F97C2A26D886002519C0 /* Products */;
			projectDirPath = "";
			projectRoot = "";
			targets = (
				6E33F97A2A26D886002519C0 /* Shelf */,
				6E33F9932A26DD99002519C0 /* ShelfTests */,
				6E33F9A02A26DDA0002519C0 /* ShelfUITests */,
			);
		};
/* End PBXProject section */

/* Begin PBXResourcesBuildPhase section */
		6E33F9792A26D886002519C0 /* Resources */ = {
			isa = PBXResourcesBuildPhase;
			buildActionMask = 2147483647;
			files = (
				6EE3949A2A2056FB00CAAEAC /* Assets.xcassets in Resources */,
				6EE394EA2A20606B00CAAEAC /* LaunchScreen.storyboard in Resources */,
				6EE394AD2A205A8200CAAEAC /* Colors.xcassets in Resources */,
			);
			runOnlyForDeploymentPostprocessing = 0;
		};
		6E33F9922A26DD99002519C0 /* Resources */ = {
			isa = PBXResourcesBuildPhase;
			buildActionMask = 2147483647;
			files = (
			);
			runOnlyForDeploymentPostprocessing = 0;
		};
		6E33F99F2A26DDA0002519C0 /* Resources */ = {
			isa = PBXResourcesBuildPhase;
			buildActionMask = 2147483647;
			files = (
			);
			runOnlyForDeploymentPostprocessing = 0;
		};
/* End PBXResourcesBuildPhase section */

/* Begin PBXShellScriptBuildPhase section */
		EDC5EAA8834D4E5C8C37BBBA7E6D1F56 /* ShellScript */ = {
			isa = PBXShellScriptBuildPhase;
			alwaysOutOfDate = 1;
			buildActionMask = 2147483647;
			files = (
			);
			inputFileListPaths = (
			);
			inputPaths = (
			);
			outputFileListPaths = (
			);
			outputPaths = (
			);
			runOnlyForDeploymentPostprocessing = 0;
			shellPath = /bin/zsh;
			shellScript = "if [[ \"$(uname -m)\" == arm64 ]]; then\n  export PATH=\"$PATH:/opt/homebrew/bin\"\nfi\n\nif which swiftlint > /dev/null; then\n  swiftlint\nelse\n  echo \"warning: SwiftLint not installed, download from https://github.com/realm/SwiftLint\"\nfi\n";
		};
/* End PBXShellScriptBuildPhase section */

/* Begin PBXSourcesBuildPhase section */
		6E33F9772A26D886002519C0 /* Sources */ = {
			isa = PBXSourcesBuildPhase;
			buildActionMask = 2147483647;
			files = (
				6E9415902AB1EF0D0026A9B3 /* ProgressControl.swift in Sources */,
				6EE394F02A20634600CAAEAC /* Colors.swift in Sources */,
				6E9415802AB1EE370026A9B3 /* Current.swift in Sources */,
				6E9415912AB1EF0D0026A9B3 /* Detail-view.swift in Sources */,
				6E9415762AB1EE140026A9B3 /* Library-view.swift in Sources */,
				6E94159F2AB1EFC70026A9B3 /* Book-author.swift in Sources */,
				6E94159D2AB1EFC70026A9B3 /* Book-title.swift in Sources */,
				6E94158F2AB1EF0D0026A9B3 /* Cover-view.swift in Sources */,
				6E9415832AB1EE620026A9B3 /* Previews.swift in Sources */,
				6E94159E2AB1EFC70026A9B3 /* Book-cover.swift in Sources */,
				6EE394E82A205FC700CAAEAC /* config.swift in Sources */,
				6E94157F2AB1EE370026A9B3 /* Current-view.swift in Sources */,
				0850992357F348F0AA6C7F800BA4BF06 /* App.swift in Sources */,
				6E9415872AB1EE7B0026A9B3 /* Author.swift in Sources */,
				6E9415882AB1EE7B0026A9B3 /* Book.swift in Sources */,
				6E9415772AB1EE140026A9B3 /* Library.swift in Sources */,
				A7B6762CF46E428BA1A66492427B9467 /* App-view.swift in Sources */,
				A01CA566C49B493B8A09BB3EE2869146 /* App-reducer.swift in Sources */,
			);
			runOnlyForDeploymentPostprocessing = 0;
		};
		6E33F9902A26DD99002519C0 /* Sources */ = {
			isa = PBXSourcesBuildPhase;
			buildActionMask = 2147483647;
			files = (
				6E9415922AB1EF190026A9B3 /* Shelf-tests.swift in Sources */,
				6E9415952AB1EF190026A9B3 /* Current-tests.swift in Sources */,
				6E9415942AB1EF190026A9B3 /* Model-tests.swift in Sources */,
				6E9415932AB1EF190026A9B3 /* Library-tests.swift in Sources */,
			);
			runOnlyForDeploymentPostprocessing = 0;
		};
		6E33F99D2A26DDA0002519C0 /* Sources */ = {
			isa = PBXSourcesBuildPhase;
			buildActionMask = 2147483647;
			files = (
				6EE394E52A205F1500CAAEAC /* Shelf-uitests.swift in Sources */,
			);
			runOnlyForDeploymentPostprocessing = 0;
		};
/* End PBXSourcesBuildPhase section */

/* Begin PBXTargetDependency section */
		6E33F9992A26DD99002519C0 /* PBXTargetDependency */ = {
			isa = PBXTargetDependency;
			target = 6E33F97A2A26D886002519C0 /* Shelf */;
			targetProxy = 6E33F9982A26DD99002519C0 /* PBXContainerItemProxy */;
		};
		6E33F9A82A26DDA0002519C0 /* PBXTargetDependency */ = {
			isa = PBXTargetDependency;
			target = 6E33F97A2A26D886002519C0 /* Shelf */;
			targetProxy = 6E33F9A72A26DDA0002519C0 /* PBXContainerItemProxy */;
		};
/* End PBXTargetDependency section */

/* Begin XCBuildConfiguration section */
		6E33F9872A26D887002519C0 /* Debug */ = {
			isa = XCBuildConfiguration;
			buildSettings = {
				ALWAYS_SEARCH_USER_PATHS = NO;
				ASSETCATALOG_COMPILER_GENERATE_SWIFT_ASSET_SYMBOL_EXTENSIONS = YES;
				CLANG_ANALYZER_NONNULL = YES;
				CLANG_ANALYZER_NUMBER_OBJECT_CONVERSION = YES_AGGRESSIVE;
				CLANG_CXX_LANGUAGE_STANDARD = "gnu++20";
				CLANG_ENABLE_MODULES = YES;
				CLANG_ENABLE_OBJC_ARC = YES;
				CLANG_ENABLE_OBJC_WEAK = YES;
				CLANG_WARN_BLOCK_CAPTURE_AUTORELEASING = YES;
				CLANG_WARN_BOOL_CONVERSION = YES;
				CLANG_WARN_COMMA = YES;
				CLANG_WARN_CONSTANT_CONVERSION = YES;
				CLANG_WARN_DEPRECATED_OBJC_IMPLEMENTATIONS = YES;
				CLANG_WARN_DIRECT_OBJC_ISA_USAGE = YES_ERROR;
				CLANG_WARN_DOCUMENTATION_COMMENTS = YES;
				CLANG_WARN_EMPTY_BODY = YES;
				CLANG_WARN_ENUM_CONVERSION = YES;
				CLANG_WARN_INFINITE_RECURSION = YES;
				CLANG_WARN_INT_CONVERSION = YES;
				CLANG_WARN_NON_LITERAL_NULL_CONVERSION = YES;
				CLANG_WARN_OBJC_IMPLICIT_RETAIN_SELF = YES;
				CLANG_WARN_OBJC_LITERAL_CONVERSION = YES;
				CLANG_WARN_OBJC_ROOT_CLASS = YES_ERROR;
				CLANG_WARN_QUOTED_INCLUDE_IN_FRAMEWORK_HEADER = YES;
				CLANG_WARN_RANGE_LOOP_ANALYSIS = YES;
				CLANG_WARN_STRICT_PROTOTYPES = YES;
				CLANG_WARN_SUSPICIOUS_MOVE = YES;
				CLANG_WARN_UNGUARDED_AVAILABILITY = YES_AGGRESSIVE;
				CLANG_WARN_UNREACHABLE_CODE = YES;
				CLANG_WARN__DUPLICATE_METHOD_MATCH = YES;
				COPY_PHASE_STRIP = NO;
				DEBUG_INFORMATION_FORMAT = dwarf;
				ENABLE_STRICT_OBJC_MSGSEND = YES;
				ENABLE_TESTABILITY = YES;
				ENABLE_USER_SCRIPT_SANDBOXING = YES;
				GCC_C_LANGUAGE_STANDARD = gnu11;
				GCC_DYNAMIC_NO_PIC = NO;
				GCC_NO_COMMON_BLOCKS = YES;
				GCC_OPTIMIZATION_LEVEL = 0;
				GCC_PREPROCESSOR_DEFINITIONS = (
					"DEBUG=1",
					"$(inherited)",
				);
				GCC_WARN_64_TO_32_BIT_CONVERSION = YES;
				GCC_WARN_ABOUT_RETURN_TYPE = YES_ERROR;
				GCC_WARN_UNDECLARED_SELECTOR = YES;
				GCC_WARN_UNINITIALIZED_AUTOS = YES_AGGRESSIVE;
				GCC_WARN_UNUSED_FUNCTION = YES;
				GCC_WARN_UNUSED_VARIABLE = YES;
				IPHONEOS_DEPLOYMENT_TARGET = 17.0;
				MTL_ENABLE_DEBUG_INFO = INCLUDE_SOURCE;
				MTL_FAST_MATH = YES;
				ONLY_ACTIVE_ARCH = YES;
				SDKROOT = iphoneos;
				SWIFT_ACTIVE_COMPILATION_CONDITIONS = DEBUG;
				SWIFT_OPTIMIZATION_LEVEL = "-Onone";
			};
			name = Debug;
		};
		6E33F9882A26D887002519C0 /* Release */ = {
			isa = XCBuildConfiguration;
			buildSettings = {
				ALWAYS_SEARCH_USER_PATHS = NO;
				ASSETCATALOG_COMPILER_GENERATE_SWIFT_ASSET_SYMBOL_EXTENSIONS = YES;
				CLANG_ANALYZER_NONNULL = YES;
				CLANG_ANALYZER_NUMBER_OBJECT_CONVERSION = YES_AGGRESSIVE;
				CLANG_CXX_LANGUAGE_STANDARD = "gnu++20";
				CLANG_ENABLE_MODULES = YES;
				CLANG_ENABLE_OBJC_ARC = YES;
				CLANG_ENABLE_OBJC_WEAK = YES;
				CLANG_WARN_BLOCK_CAPTURE_AUTORELEASING = YES;
				CLANG_WARN_BOOL_CONVERSION = YES;
				CLANG_WARN_COMMA = YES;
				CLANG_WARN_CONSTANT_CONVERSION = YES;
				CLANG_WARN_DEPRECATED_OBJC_IMPLEMENTATIONS = YES;
				CLANG_WARN_DIRECT_OBJC_ISA_USAGE = YES_ERROR;
				CLANG_WARN_DOCUMENTATION_COMMENTS = YES;
				CLANG_WARN_EMPTY_BODY = YES;
				CLANG_WARN_ENUM_CONVERSION = YES;
				CLANG_WARN_INFINITE_RECURSION = YES;
				CLANG_WARN_INT_CONVERSION = YES;
				CLANG_WARN_NON_LITERAL_NULL_CONVERSION = YES;
				CLANG_WARN_OBJC_IMPLICIT_RETAIN_SELF = YES;
				CLANG_WARN_OBJC_LITERAL_CONVERSION = YES;
				CLANG_WARN_OBJC_ROOT_CLASS = YES_ERROR;
				CLANG_WARN_QUOTED_INCLUDE_IN_FRAMEWORK_HEADER = YES;
				CLANG_WARN_RANGE_LOOP_ANALYSIS = YES;
				CLANG_WARN_STRICT_PROTOTYPES = YES;
				CLANG_WARN_SUSPICIOUS_MOVE = YES;
				CLANG_WARN_UNGUARDED_AVAILABILITY = YES_AGGRESSIVE;
				CLANG_WARN_UNREACHABLE_CODE = YES;
				CLANG_WARN__DUPLICATE_METHOD_MATCH = YES;
				COPY_PHASE_STRIP = NO;
				DEBUG_INFORMATION_FORMAT = "dwarf-with-dsym";
				ENABLE_NS_ASSERTIONS = NO;
				ENABLE_STRICT_OBJC_MSGSEND = YES;
				ENABLE_USER_SCRIPT_SANDBOXING = YES;
				GCC_C_LANGUAGE_STANDARD = gnu11;
				GCC_NO_COMMON_BLOCKS = YES;
				GCC_WARN_64_TO_32_BIT_CONVERSION = YES;
				GCC_WARN_ABOUT_RETURN_TYPE = YES_ERROR;
				GCC_WARN_UNDECLARED_SELECTOR = YES;
				GCC_WARN_UNINITIALIZED_AUTOS = YES_AGGRESSIVE;
				GCC_WARN_UNUSED_FUNCTION = YES;
				GCC_WARN_UNUSED_VARIABLE = YES;
				IPHONEOS_DEPLOYMENT_TARGET = 17.0;
				MTL_ENABLE_DEBUG_INFO = NO;
				MTL_FAST_MATH = YES;
				SDKROOT = iphoneos;
				SWIFT_COMPILATION_MODE = wholemodule;
				SWIFT_OPTIMIZATION_LEVEL = "-O";
				VALIDATE_PRODUCT = YES;
			};
			name = Release;
		};
		6E33F98A2A26D887002519C0 /* Debug */ = {
			isa = XCBuildConfiguration;
			buildSettings = {
				ASSETCATALOG_COMPILER_APPICON_NAME = AppIcon;
				ASSETCATALOG_COMPILER_GLOBAL_ACCENT_COLOR_NAME = AccentColor;
				CODE_SIGN_ENTITLEMENTS = config/Shelf.entitlements;
				CODE_SIGN_STYLE = Automatic;
				CURRENT_PROJECT_VERSION = 1;
				DEVELOPMENT_ASSET_PATHS = res/previews;
				DEVELOPMENT_TEAM = 4UUEFBYP76;
				ENABLE_PREVIEWS = YES;
				ENABLE_USER_SCRIPT_SANDBOXING = NO;
				GENERATE_INFOPLIST_FILE = YES;
				INFOPLIST_FILE = "config/Shelf-info.plist";
				INFOPLIST_KEY_CFBundleDisplayName = Shelf;
				INFOPLIST_KEY_LSApplicationCategoryType = "public.app-category.books";
				INFOPLIST_KEY_UILaunchStoryboardName = LaunchScreen.storyboard;
				INFOPLIST_KEY_UISupportedInterfaceOrientations_iPad = "UIInterfaceOrientationPortrait UIInterfaceOrientationPortraitUpsideDown UIInterfaceOrientationLandscapeLeft UIInterfaceOrientationLandscapeRight";
				INFOPLIST_KEY_UISupportedInterfaceOrientations_iPhone = "UIInterfaceOrientationPortrait UIInterfaceOrientationLandscapeLeft UIInterfaceOrientationLandscapeRight";
				IPHONEOS_DEPLOYMENT_TARGET = 17.0;
				MARKETING_VERSION = 1.0;
				PRODUCT_BUNDLE_IDENTIFIER = dev.leolem.shelf;
				PRODUCT_NAME = "$(TARGET_NAME)";
				SWIFT_VERSION = 5.0;
				TARGETED_DEVICE_FAMILY = "1,2";
			};
			name = Debug;
		};
		6E33F98B2A26D887002519C0 /* Release */ = {
			isa = XCBuildConfiguration;
			buildSettings = {
				ASSETCATALOG_COMPILER_APPICON_NAME = AppIcon;
				ASSETCATALOG_COMPILER_GLOBAL_ACCENT_COLOR_NAME = AccentColor;
				CODE_SIGN_ENTITLEMENTS = config/Shelf.entitlements;
				CODE_SIGN_STYLE = Automatic;
				CURRENT_PROJECT_VERSION = 1;
				DEVELOPMENT_ASSET_PATHS = res/previews;
				DEVELOPMENT_TEAM = 4UUEFBYP76;
				ENABLE_PREVIEWS = YES;
				ENABLE_USER_SCRIPT_SANDBOXING = NO;
				GENERATE_INFOPLIST_FILE = YES;
				INFOPLIST_FILE = "config/Shelf-info.plist";
				INFOPLIST_KEY_CFBundleDisplayName = Shelf;
				INFOPLIST_KEY_LSApplicationCategoryType = "public.app-category.books";
				INFOPLIST_KEY_UILaunchStoryboardName = LaunchScreen.storyboard;
				INFOPLIST_KEY_UISupportedInterfaceOrientations_iPad = "UIInterfaceOrientationPortrait UIInterfaceOrientationPortraitUpsideDown UIInterfaceOrientationLandscapeLeft UIInterfaceOrientationLandscapeRight";
				INFOPLIST_KEY_UISupportedInterfaceOrientations_iPhone = "UIInterfaceOrientationPortrait UIInterfaceOrientationLandscapeLeft UIInterfaceOrientationLandscapeRight";
				IPHONEOS_DEPLOYMENT_TARGET = 17.0;
				MARKETING_VERSION = 1.0;
				PRODUCT_BUNDLE_IDENTIFIER = dev.leolem.shelf;
				PRODUCT_NAME = "$(TARGET_NAME)";
				SWIFT_VERSION = 5.0;
				TARGETED_DEVICE_FAMILY = "1,2";
			};
			name = Release;
		};
		6E33F99B2A26DD99002519C0 /* Debug */ = {
			isa = XCBuildConfiguration;
			buildSettings = {
				BUNDLE_LOADER = "$(TEST_HOST)";
				CODE_SIGN_STYLE = Automatic;
				CURRENT_PROJECT_VERSION = 1;
				GENERATE_INFOPLIST_FILE = YES;
				MARKETING_VERSION = 1.0;
				PRODUCT_BUNDLE_IDENTIFIER = dev.leolem.ShelfTests;
				PRODUCT_NAME = "$(TARGET_NAME)";
				SWIFT_EMIT_LOC_STRINGS = NO;
				SWIFT_VERSION = 5.0;
				TARGETED_DEVICE_FAMILY = "1,2";
				TEST_HOST = "$(BUILT_PRODUCTS_DIR)/Shelf.app/$(BUNDLE_EXECUTABLE_FOLDER_PATH)/Shelf";
			};
			name = Debug;
		};
		6E33F99C2A26DD99002519C0 /* Release */ = {
			isa = XCBuildConfiguration;
			buildSettings = {
				BUNDLE_LOADER = "$(TEST_HOST)";
				CODE_SIGN_STYLE = Automatic;
				CURRENT_PROJECT_VERSION = 1;
				GENERATE_INFOPLIST_FILE = YES;
				MARKETING_VERSION = 1.0;
				PRODUCT_BUNDLE_IDENTIFIER = dev.leolem.ShelfTests;
				PRODUCT_NAME = "$(TARGET_NAME)";
				SWIFT_EMIT_LOC_STRINGS = NO;
				SWIFT_VERSION = 5.0;
				TARGETED_DEVICE_FAMILY = "1,2";
				TEST_HOST = "$(BUILT_PRODUCTS_DIR)/Shelf.app/$(BUNDLE_EXECUTABLE_FOLDER_PATH)/Shelf";
			};
			name = Release;
		};
		6E33F9AA2A26DDA0002519C0 /* Debug */ = {
			isa = XCBuildConfiguration;
			buildSettings = {
				CODE_SIGN_STYLE = Automatic;
				CURRENT_PROJECT_VERSION = 1;
				GENERATE_INFOPLIST_FILE = YES;
				MARKETING_VERSION = 1.0;
				PRODUCT_BUNDLE_IDENTIFIER = dev.leolem.ShelfUITests;
				PRODUCT_NAME = "$(TARGET_NAME)";
				SWIFT_EMIT_LOC_STRINGS = NO;
				SWIFT_VERSION = 5.0;
				TARGETED_DEVICE_FAMILY = "1,2";
				TEST_TARGET_NAME = Shelf;
			};
			name = Debug;
		};
		6E33F9AB2A26DDA0002519C0 /* Release */ = {
			isa = XCBuildConfiguration;
			buildSettings = {
				CODE_SIGN_STYLE = Automatic;
				CURRENT_PROJECT_VERSION = 1;
				GENERATE_INFOPLIST_FILE = YES;
				MARKETING_VERSION = 1.0;
				PRODUCT_BUNDLE_IDENTIFIER = dev.leolem.ShelfUITests;
				PRODUCT_NAME = "$(TARGET_NAME)";
				SWIFT_EMIT_LOC_STRINGS = NO;
				SWIFT_VERSION = 5.0;
				TARGETED_DEVICE_FAMILY = "1,2";
				TEST_TARGET_NAME = Shelf;
			};
			name = Release;
		};
		6E33F9B02A26E38D002519C0 /* Test */ = {
			isa = XCBuildConfiguration;
			buildSettings = {
				ALWAYS_SEARCH_USER_PATHS = NO;
				ASSETCATALOG_COMPILER_GENERATE_SWIFT_ASSET_SYMBOL_EXTENSIONS = YES;
				CLANG_ANALYZER_NONNULL = YES;
				CLANG_ANALYZER_NUMBER_OBJECT_CONVERSION = YES_AGGRESSIVE;
				CLANG_CXX_LANGUAGE_STANDARD = "gnu++20";
				CLANG_ENABLE_MODULES = YES;
				CLANG_ENABLE_OBJC_ARC = YES;
				CLANG_ENABLE_OBJC_WEAK = YES;
				CLANG_WARN_BLOCK_CAPTURE_AUTORELEASING = YES;
				CLANG_WARN_BOOL_CONVERSION = YES;
				CLANG_WARN_COMMA = YES;
				CLANG_WARN_CONSTANT_CONVERSION = YES;
				CLANG_WARN_DEPRECATED_OBJC_IMPLEMENTATIONS = YES;
				CLANG_WARN_DIRECT_OBJC_ISA_USAGE = YES_ERROR;
				CLANG_WARN_DOCUMENTATION_COMMENTS = YES;
				CLANG_WARN_EMPTY_BODY = YES;
				CLANG_WARN_ENUM_CONVERSION = YES;
				CLANG_WARN_INFINITE_RECURSION = YES;
				CLANG_WARN_INT_CONVERSION = YES;
				CLANG_WARN_NON_LITERAL_NULL_CONVERSION = YES;
				CLANG_WARN_OBJC_IMPLICIT_RETAIN_SELF = YES;
				CLANG_WARN_OBJC_LITERAL_CONVERSION = YES;
				CLANG_WARN_OBJC_ROOT_CLASS = YES_ERROR;
				CLANG_WARN_QUOTED_INCLUDE_IN_FRAMEWORK_HEADER = YES;
				CLANG_WARN_RANGE_LOOP_ANALYSIS = YES;
				CLANG_WARN_STRICT_PROTOTYPES = YES;
				CLANG_WARN_SUSPICIOUS_MOVE = YES;
				CLANG_WARN_UNGUARDED_AVAILABILITY = YES_AGGRESSIVE;
				CLANG_WARN_UNREACHABLE_CODE = YES;
				CLANG_WARN__DUPLICATE_METHOD_MATCH = YES;
				COPY_PHASE_STRIP = NO;
				DEBUG_INFORMATION_FORMAT = dwarf;
				ENABLE_STRICT_OBJC_MSGSEND = YES;
				ENABLE_TESTABILITY = YES;
				ENABLE_USER_SCRIPT_SANDBOXING = YES;
				GCC_C_LANGUAGE_STANDARD = gnu11;
				GCC_DYNAMIC_NO_PIC = NO;
				GCC_NO_COMMON_BLOCKS = YES;
				GCC_OPTIMIZATION_LEVEL = 0;
				GCC_PREPROCESSOR_DEFINITIONS = (
					"DEBUG=1",
					"$(inherited)",
				);
				GCC_WARN_64_TO_32_BIT_CONVERSION = YES;
				GCC_WARN_ABOUT_RETURN_TYPE = YES_ERROR;
				GCC_WARN_UNDECLARED_SELECTOR = YES;
				GCC_WARN_UNINITIALIZED_AUTOS = YES_AGGRESSIVE;
				GCC_WARN_UNUSED_FUNCTION = YES;
				GCC_WARN_UNUSED_VARIABLE = YES;
				IPHONEOS_DEPLOYMENT_TARGET = 17.0;
				MTL_ENABLE_DEBUG_INFO = INCLUDE_SOURCE;
				MTL_FAST_MATH = YES;
				ONLY_ACTIVE_ARCH = YES;
				SDKROOT = iphoneos;
				SWIFT_ACTIVE_COMPILATION_CONDITIONS = TEST;
				SWIFT_OPTIMIZATION_LEVEL = "-Onone";
			};
			name = Test;
		};
		6E33F9B12A26E38D002519C0 /* Test */ = {
			isa = XCBuildConfiguration;
			buildSettings = {
				ASSETCATALOG_COMPILER_APPICON_NAME = AppIcon;
				ASSETCATALOG_COMPILER_GLOBAL_ACCENT_COLOR_NAME = AccentColor;
				CODE_SIGN_ENTITLEMENTS = config/Shelf.entitlements;
				CODE_SIGN_STYLE = Automatic;
				CURRENT_PROJECT_VERSION = 1;
				DEVELOPMENT_ASSET_PATHS = res/previews;
				DEVELOPMENT_TEAM = 4UUEFBYP76;
				ENABLE_PREVIEWS = YES;
				ENABLE_USER_SCRIPT_SANDBOXING = NO;
				GENERATE_INFOPLIST_FILE = YES;
				INFOPLIST_FILE = "config/Shelf-info.plist";
				INFOPLIST_KEY_CFBundleDisplayName = Shelf;
				INFOPLIST_KEY_LSApplicationCategoryType = "public.app-category.books";
				INFOPLIST_KEY_UILaunchStoryboardName = LaunchScreen.storyboard;
				INFOPLIST_KEY_UISupportedInterfaceOrientations_iPad = "UIInterfaceOrientationPortrait UIInterfaceOrientationPortraitUpsideDown UIInterfaceOrientationLandscapeLeft UIInterfaceOrientationLandscapeRight";
				INFOPLIST_KEY_UISupportedInterfaceOrientations_iPhone = "UIInterfaceOrientationPortrait UIInterfaceOrientationLandscapeLeft UIInterfaceOrientationLandscapeRight";
				IPHONEOS_DEPLOYMENT_TARGET = 17.0;
				MARKETING_VERSION = 1.0;
				PRODUCT_BUNDLE_IDENTIFIER = dev.leolem.shelf;
				PRODUCT_NAME = "$(TARGET_NAME)";
				SWIFT_VERSION = 5.0;
				TARGETED_DEVICE_FAMILY = "1,2";
			};
			name = Test;
		};
		6E33F9B22A26E38D002519C0 /* Test */ = {
			isa = XCBuildConfiguration;
			buildSettings = {
				BUNDLE_LOADER = "$(TEST_HOST)";
				CODE_SIGN_STYLE = Automatic;
				CURRENT_PROJECT_VERSION = 1;
				GENERATE_INFOPLIST_FILE = YES;
				MARKETING_VERSION = 1.0;
				PRODUCT_BUNDLE_IDENTIFIER = dev.leolem.ShelfTests;
				PRODUCT_NAME = "$(TARGET_NAME)";
				SWIFT_EMIT_LOC_STRINGS = NO;
				SWIFT_VERSION = 5.0;
				TARGETED_DEVICE_FAMILY = "1,2";
				TEST_HOST = "$(BUILT_PRODUCTS_DIR)/Shelf.app/$(BUNDLE_EXECUTABLE_FOLDER_PATH)/Shelf";
			};
			name = Test;
		};
		6E33F9B32A26E38D002519C0 /* Test */ = {
			isa = XCBuildConfiguration;
			buildSettings = {
				CODE_SIGN_STYLE = Automatic;
				CURRENT_PROJECT_VERSION = 1;
				GENERATE_INFOPLIST_FILE = YES;
				MARKETING_VERSION = 1.0;
				PRODUCT_BUNDLE_IDENTIFIER = dev.leolem.ShelfUITests;
				PRODUCT_NAME = "$(TARGET_NAME)";
				SWIFT_EMIT_LOC_STRINGS = NO;
				SWIFT_VERSION = 5.0;
				TARGETED_DEVICE_FAMILY = "1,2";
				TEST_TARGET_NAME = Shelf;
			};
			name = Test;
		};
/* End XCBuildConfiguration section */

/* Begin XCConfigurationList section */
		6E33F9762A26D886002519C0 /* Build configuration list for PBXProject "app" */ = {
			isa = XCConfigurationList;
			buildConfigurations = (
				6E33F9872A26D887002519C0 /* Debug */,
				6E33F9B02A26E38D002519C0 /* Test */,
				6E33F9882A26D887002519C0 /* Release */,
			);
			defaultConfigurationIsVisible = 0;
			defaultConfigurationName = Release;
		};
		6E33F9892A26D887002519C0 /* Build configuration list for PBXNativeTarget "Shelf" */ = {
			isa = XCConfigurationList;
			buildConfigurations = (
				6E33F98A2A26D887002519C0 /* Debug */,
				6E33F9B12A26E38D002519C0 /* Test */,
				6E33F98B2A26D887002519C0 /* Release */,
			);
			defaultConfigurationIsVisible = 0;
			defaultConfigurationName = Release;
		};
		6E33F99A2A26DD99002519C0 /* Build configuration list for PBXNativeTarget "ShelfTests" */ = {
			isa = XCConfigurationList;
			buildConfigurations = (
				6E33F99B2A26DD99002519C0 /* Debug */,
				6E33F9B22A26E38D002519C0 /* Test */,
				6E33F99C2A26DD99002519C0 /* Release */,
			);
			defaultConfigurationIsVisible = 0;
			defaultConfigurationName = Release;
		};
		6E33F9A92A26DDA0002519C0 /* Build configuration list for PBXNativeTarget "ShelfUITests" */ = {
			isa = XCConfigurationList;
			buildConfigurations = (
				6E33F9AA2A26DDA0002519C0 /* Debug */,
				6E33F9B32A26E38D002519C0 /* Test */,
				6E33F9AB2A26DDA0002519C0 /* Release */,
			);
			defaultConfigurationIsVisible = 0;
			defaultConfigurationName = Release;
		};
/* End XCConfigurationList section */

/* Begin XCRemoteSwiftPackageReference section */
		6E9415962AB1EF7E0026A9B3 /* XCRemoteSwiftPackageReference "swift-composable-architecture" */ = {
			isa = XCRemoteSwiftPackageReference;
			repositoryURL = "https://github.com/pointfreeco/swift-composable-architecture";
			requirement = {
				kind = upToNextMajorVersion;
				minimumVersion = 1.2.0;
			};
		};
/* End XCRemoteSwiftPackageReference section */

/* Begin XCSwiftPackageProductDependency section */
		6E9415972AB1EF7E0026A9B3 /* ComposableArchitecture */ = {
			isa = XCSwiftPackageProductDependency;
			package = 6E9415962AB1EF7E0026A9B3 /* XCRemoteSwiftPackageReference "swift-composable-architecture" */;
			productName = ComposableArchitecture;
		};
/* End XCSwiftPackageProductDependency section */
	};
	rootObject = 6E33F9732A26D886002519C0 /* Project object */;
}
